
Microsoft Visual Studio Solution File, Format Version 12.00
# Visual Studio 15
VisualStudioVersion = 15.0.27703.2018
MinimumVisualStudioVersion = 10.0.40219.1
Project("{FAE04EC0-301F-11D3-BF4B-00C04F79EFBC}") = "FraudDetector.Win", "FraudDetector.Win\FraudDetector.Win.csproj", "{4B76750C-5F5C-4A68-9C05-A44CF5AF3C77}"
EndProject
Project("{FAE04EC0-301F-11D3-BF4B-00C04F79EFBC}") = "CoreEngine", "CoreEngine\CoreEngine.csproj", "{6F26B196-60A9-4441-9C9A-C56AAEF98912}"
EndProject
Project("{FAE04EC0-301F-11D3-BF4B-00C04F79EFBC}") = "common", "common2\common.csproj", "{326EE9AD-8ADE-4663-9E6D-CBE123146118}"
EndProject
Global
	GlobalSection(SolutionConfigurationPlatforms) = preSolution
		Debug|Any CPU = Debug|Any CPU
		Release|Any CPU = Release|Any CPU
	EndGlobalSection
	GlobalSection(ProjectConfigurationPlatforms) = postSolution
		{4B76750C-5F5C-4A68-9C05-A44CF5AF3C77}.Debug|Any CPU.ActiveCfg = Debug|Any CPU
		{4B76750C-5F5C-4A68-9C05-A44CF5AF3C77}.Debug|Any CPU.Build.0 = Debug|Any CPU
		{4B76750C-5F5C-4A68-9C05-A44CF5AF3C77}.Release|Any CPU.ActiveCfg = Release|Any CPU
		{4B76750C-5F5C-4A68-9C05-A44CF5AF3C77}.Release|Any CPU.Build.0 = Release|Any CPU
		{6F26B196-60A9-4441-9C9A-C56AAEF98912}.Debug|Any CPU.ActiveCfg = Debug|Any CPU
		{6F26B196-60A9-4441-9C9A-C56AAEF98912}.Debug|Any CPU.Build.0 = Debug|Any CPU
		{6F26B196-60A9-4441-9C9A-C56AAEF98912}.Release|Any CPU.ActiveCfg = Release|Any CPU
		{6F26B196-60A9-4441-9C9A-C56AAEF98912}.Release|Any CPU.Build.0 = Release|Any CPU
		{326EE9AD-8ADE-4663-9E6D-CBE123146118}.Debug|Any CPU.ActiveCfg = Debug|Any CPU
		{326EE9AD-8ADE-4663-9E6D-CBE123146118}.Debug|Any CPU.Build.0 = Debug|Any CPU
		{326EE9AD-8ADE-4663-9E6D-CBE123146118}.Release|Any CPU.ActiveCfg = Release|Any CPU
		{326EE9AD-8ADE-4663-9E6D-CBE123146118}.Release|Any CPU.Build.0 = Release|Any CPU
	EndGlobalSection
	GlobalSection(SolutionProperties) = preSolution
		HideSolutionNode = FALSE
	EndGlobalSection
	GlobalSection(ExtensibilityGlobals) = postSolution
		SolutionGuid = {5F151292-6EB6-410B-A3C6-67C30BC47F30}
	EndGlobalSection
EndGlobal
