
Microsoft Visual Studio Solution File, Format Version 12.00
# Visual Studio 15
VisualStudioVersion = 15.0.27703.2018
MinimumVisualStudioVersion = 10.0.40219.1
Project("{FAE04EC0-301F-11D3-BF4B-00C04F79EFBC}") = "FraudDetector", "FraudDetector\FraudDetector.csproj", "{BD27E4BE-F58B-478E-84FA-FDE21DCBB7AB}"
EndProject
Project("{FAE04EC0-301F-11D3-BF4B-00C04F79EFBC}") = "CoreEngine", "CoreEngine\CoreEngine.csproj", "{6F26B196-60A9-4441-9C9A-C56AAEF98912}"
EndProject
Project("{FAE04EC0-301F-11D3-BF4B-00C04F79EFBC}") = "common", "common2\common.csproj", "{326EE9AD-8ADE-4663-9E6D-CBE123146118}"
EndProject
Global
	GlobalSection(SolutionConfigurationPlatforms) = preSolution
		Debug|Any CPU = Debug|Any CPU
		Release|Any CPU = Release|Any CPU
	EndGlobalSection
	GlobalSection(ProjectConfigurationPlatforms) = postSolution
		{BD27E4BE-F58B-478E-84FA-FDE21DCBB7AB}.Debug|Any CPU.ActiveCfg = Debug|Any CPU
		{BD27E4BE-F58B-478E-84FA-FDE21DCBB7AB}.Debug|Any CPU.Build.0 = Debug|Any CPU
		{BD27E4BE-F58B-478E-84FA-FDE21DCBB7AB}.Release|Any CPU.ActiveCfg = Release|Any CPU
		{BD27E4BE-F58B-478E-84FA-FDE21DCBB7AB}.Release|Any CPU.Build.0 = Release|Any CPU
		{6F26B196-60A9-4441-9C9A-C56AAEF98912}.Debug|Any CPU.ActiveCfg = Debug|Any CPU
		{6F26B196-60A9-4441-9C9A-C56AAEF98912}.Debug|Any CPU.Build.0 = Debug|Any CPU
		{6F26B196-60A9-4441-9C9A-C56AAEF98912}.Release|Any CPU.ActiveCfg = Release|Any CPU
		{6F26B196-60A9-4441-9C9A-C56AAEF98912}.Release|Any CPU.Build.0 = Release|Any CPU
		{326EE9AD-8ADE-4663-9E6D-CBE123146118}.Debug|Any CPU.ActiveCfg = Debug|Any CPU
		{326EE9AD-8ADE-4663-9E6D-CBE123146118}.Debug|Any CPU.Build.0 = Debug|Any CPU
		{326EE9AD-8ADE-4663-9E6D-CBE123146118}.Release|Any CPU.ActiveCfg = Release|Any CPU
		{326EE9AD-8ADE-4663-9E6D-CBE123146118}.Release|Any CPU.Build.0 = Release|Any CPU
	EndGlobalSection
	GlobalSection(SolutionProperties) = preSolution
		HideSolutionNode = FALSE
	EndGlobalSection
	GlobalSection(ExtensibilityGlobals) = postSolution
		SolutionGuid = {D51F65D5-9A16-47E5-BBFB-7BABFD38F0D4}
	EndGlobalSection
EndGlobal
